// !$*UTF8*$!
{
	archiveVersion = 1;
	classes = {
	};
	objectVersion = 55;
	objects = {

/* Begin PBXBuildFile section */
		9A35F679973421C3915CEAEA /* Pods_ProfileOneLab.framework in Frameworks */ = {isa = PBXBuildFile; fileRef = B1978C47B47069A303C4C656 /* Pods_ProfileOneLab.framework */; };
		B561E5752809C7FC0025B31C /* AppDelegate.swift in Sources */ = {isa = PBXBuildFile; fileRef = B561E5742809C7FC0025B31C /* AppDelegate.swift */; };
		B561E5772809C7FC0025B31C /* SceneDelegate.swift in Sources */ = {isa = PBXBuildFile; fileRef = B561E5762809C7FC0025B31C /* SceneDelegate.swift */; };
		B561E5792809C7FC0025B31C /* ViewController.swift in Sources */ = {isa = PBXBuildFile; fileRef = B561E5782809C7FC0025B31C /* ViewController.swift */; };
		B561E57C2809C7FC0025B31C /* Main.storyboard in Resources */ = {isa = PBXBuildFile; fileRef = B561E57A2809C7FC0025B31C /* Main.storyboard */; };
		B561E57E2809C7FC0025B31C /* Assets.xcassets in Resources */ = {isa = PBXBuildFile; fileRef = B561E57D2809C7FC0025B31C /* Assets.xcassets */; };
		B561E5812809C7FC0025B31C /* LaunchScreen.storyboard in Resources */ = {isa = PBXBuildFile; fileRef = B561E57F2809C7FC0025B31C /* LaunchScreen.storyboard */; };
		B561E58D2809C7FC0025B31C /* IconTableViewCell.swift in Sources */ = {isa = PBXBuildFile; fileRef = B561E58A2809C7FC0025B31C /* IconTableViewCell.swift */; };
		B561E58E2809C7FC0025B31C /* SwitchTableViewCell.swift in Sources */ = {isa = PBXBuildFile; fileRef = B561E58B2809C7FC0025B31C /* SwitchTableViewCell.swift */; };
		B561E58F2809C7FC0025B31C /* ExitTableViewCell.swift in Sources */ = {isa = PBXBuildFile; fileRef = B561E58C2809C7FC0025B31C /* ExitTableViewCell.swift */; };
		B561E5912809C7FC0025B31C /* PasswordChangeVC.swift in Sources */ = {isa = PBXBuildFile; fileRef = B561E5902809C7FC0025B31C /* PasswordChangeVC.swift */; };
/* End PBXBuildFile section */

/* Begin PBXFileReference section */
		850D4AD6822609878C8D010A /* Pods-ProfileOneLab.debug.xcconfig */ = {isa = PBXFileReference; includeInIndex = 1; lastKnownFileType = text.xcconfig; name = "Pods-ProfileOneLab.debug.xcconfig"; path = "Target Support Files/Pods-ProfileOneLab/Pods-ProfileOneLab.debug.xcconfig"; sourceTree = "<group>"; };
		B1978C47B47069A303C4C656 /* Pods_ProfileOneLab.framework */ = {isa = PBXFileReference; explicitFileType = wrapper.framework; includeInIndex = 0; path = Pods_ProfileOneLab.framework; sourceTree = BUILT_PRODUCTS_DIR; };
		B561E5712809C7FC0025B31C /* ProfileOneLab.app */ = {isa = PBXFileReference; explicitFileType = wrapper.application; includeInIndex = 0; path = ProfileOneLab.app; sourceTree = BUILT_PRODUCTS_DIR; };
		B561E5742809C7FC0025B31C /* AppDelegate.swift */ = {isa = PBXFileReference; lastKnownFileType = sourcecode.swift; path = AppDelegate.swift; sourceTree = "<group>"; };
		B561E5762809C7FC0025B31C /* SceneDelegate.swift */ = {isa = PBXFileReference; lastKnownFileType = sourcecode.swift; path = SceneDelegate.swift; sourceTree = "<group>"; };
		B561E5782809C7FC0025B31C /* ViewController.swift */ = {isa = PBXFileReference; lastKnownFileType = sourcecode.swift; path = ViewController.swift; sourceTree = "<group>"; };
		B561E57B2809C7FC0025B31C /* Base */ = {isa = PBXFileReference; lastKnownFileType = file.storyboard; name = Base; path = Base.lproj/Main.storyboard; sourceTree = "<group>"; };
		B561E57D2809C7FC0025B31C /* Assets.xcassets */ = {isa = PBXFileReference; lastKnownFileType = folder.assetcatalog; path = Assets.xcassets; sourceTree = "<group>"; };
		B561E5802809C7FC0025B31C /* Base */ = {isa = PBXFileReference; lastKnownFileType = file.storyboard; name = Base; path = Base.lproj/LaunchScreen.storyboard; sourceTree = "<group>"; };
		B561E5822809C7FC0025B31C /* Info.plist */ = {isa = PBXFileReference; lastKnownFileType = text.plist.xml; path = Info.plist; sourceTree = "<group>"; };
		B561E58A2809C7FC0025B31C /* IconTableViewCell.swift */ = {isa = PBXFileReference; fileEncoding = 4; lastKnownFileType = sourcecode.swift; path = IconTableViewCell.swift; sourceTree = "<group>"; };
		B561E58B2809C7FC0025B31C /* SwitchTableViewCell.swift */ = {isa = PBXFileReference; fileEncoding = 4; lastKnownFileType = sourcecode.swift; path = SwitchTableViewCell.swift; sourceTree = "<group>"; };
		B561E58C2809C7FC0025B31C /* ExitTableViewCell.swift */ = {isa = PBXFileReference; fileEncoding = 4; lastKnownFileType = sourcecode.swift; path = ExitTableViewCell.swift; sourceTree = "<group>"; };
		B561E5902809C7FC0025B31C /* PasswordChangeVC.swift */ = {isa = PBXFileReference; fileEncoding = 4; lastKnownFileType = sourcecode.swift; path = PasswordChangeVC.swift; sourceTree = "<group>"; };
		DCDB31B7024797C484282A27 /* Pods-ProfileOneLab.release.xcconfig */ = {isa = PBXFileReference; includeInIndex = 1; lastKnownFileType = text.xcconfig; name = "Pods-ProfileOneLab.release.xcconfig"; path = "Target Support Files/Pods-ProfileOneLab/Pods-ProfileOneLab.release.xcconfig"; sourceTree = "<group>"; };
/* End PBXFileReference section */

/* Begin PBXFrameworksBuildPhase section */
		B561E56E2809C7FC0025B31C /* Frameworks */ = {
			isa = PBXFrameworksBuildPhase;
			buildActionMask = 2147483647;
			files = (
				9A35F679973421C3915CEAEA /* Pods_ProfileOneLab.framework in Frameworks */,
			);
			runOnlyForDeploymentPostprocessing = 0;
		};
/* End PBXFrameworksBuildPhase section */

/* Begin PBXGroup section */
		132649E7D291B445D920E2A7 /* Pods */ = {
			isa = PBXGroup;
			children = (
				850D4AD6822609878C8D010A /* Pods-ProfileOneLab.debug.xcconfig */,
				DCDB31B7024797C484282A27 /* Pods-ProfileOneLab.release.xcconfig */,
			);
			path = Pods;
			sourceTree = "<group>";
		};
		3A19D7250DA605C787CB578D /* Frameworks */ = {
			isa = PBXGroup;
			children = (
				B1978C47B47069A303C4C656 /* Pods_ProfileOneLab.framework */,
			);
			name = Frameworks;
			sourceTree = "<group>";
		};
		B561E5682809C7FC0025B31C = {
			isa = PBXGroup;
			children = (
				B561E5732809C7FC0025B31C /* ProfileOneLab */,
				B561E5722809C7FC0025B31C /* Products */,
				132649E7D291B445D920E2A7 /* Pods */,
				3A19D7250DA605C787CB578D /* Frameworks */,
			);
			sourceTree = "<group>";
		};
		B561E5722809C7FC0025B31C /* Products */ = {
			isa = PBXGroup;
			children = (
				B561E5712809C7FC0025B31C /* ProfileOneLab.app */,
			);
			name = Products;
			sourceTree = "<group>";
		};
		B561E5732809C7FC0025B31C /* ProfileOneLab */ = {
			isa = PBXGroup;
			children = (
				B561E5742809C7FC0025B31C /* AppDelegate.swift */,
				B561E5762809C7FC0025B31C /* SceneDelegate.swift */,
				B561E5922809C7FC0025B31C /* ViewControllers */,
				B561E5932809C7FC0025B31C /* Custom Cells */,
				B561E57A2809C7FC0025B31C /* Main.storyboard */,
				B561E57D2809C7FC0025B31C /* Assets.xcassets */,
				B561E57F2809C7FC0025B31C /* LaunchScreen.storyboard */,
				B561E5822809C7FC0025B31C /* Info.plist */,
			);
			path = ProfileOneLab;
			sourceTree = "<group>";
		};
		B561E5922809C7FC0025B31C /* ViewControllers */ = {
			isa = PBXGroup;
			children = (
				B561E5782809C7FC0025B31C /* ViewController.swift */,
				B561E5902809C7FC0025B31C /* PasswordChangeVC.swift */,
			);
			path = ViewControllers;
			sourceTree = "<group>";
		};
		B561E5932809C7FC0025B31C /* Custom Cells */ = {
			isa = PBXGroup;
			children = (
				B561E58C2809C7FC0025B31C /* ExitTableViewCell.swift */,
				B561E58A2809C7FC0025B31C /* IconTableViewCell.swift */,
				B561E58B2809C7FC0025B31C /* SwitchTableViewCell.swift */,
			);
			path = "Custom Cells";
			sourceTree = "<group>";
		};
/* End PBXGroup section */

/* Begin PBXNativeTarget section */
		B561E5702809C7FC0025B31C /* ProfileOneLab */ = {
			isa = PBXNativeTarget;
			buildConfigurationList = B561E5852809C7FC0025B31C /* Build configuration list for PBXNativeTarget "ProfileOneLab" */;
			buildPhases = (
				15FCBBB834084DBAF441AA87 /* [CP] Check Pods Manifest.lock */,
				B561E56D2809C7FC0025B31C /* Sources */,
				B561E56E2809C7FC0025B31C /* Frameworks */,
				B561E56F2809C7FC0025B31C /* Resources */,
				0A88C316F266F31E782C7B48 /* [CP] Embed Pods Frameworks */,
			);
			buildRules = (
			);
			dependencies = (
			);
			name = ProfileOneLab;
			productName = ProfileOneLab;
			productReference = B561E5712809C7FC0025B31C /* ProfileOneLab.app */;
			productType = "com.apple.product-type.application";
		};
/* End PBXNativeTarget section */

/* Begin PBXProject section */
		B561E5692809C7FC0025B31C /* Project object */ = {
			isa = PBXProject;
			attributes = {
				BuildIndependentTargetsInParallel = 1;
				LastSwiftUpdateCheck = 1330;
				LastUpgradeCheck = 1330;
				TargetAttributes = {
					B561E5702809C7FC0025B31C = {
						CreatedOnToolsVersion = 13.3;
					};
				};
			};
			buildConfigurationList = B561E56C2809C7FC0025B31C /* Build configuration list for PBXProject "ProfileOneLab" */;
			compatibilityVersion = "Xcode 13.0";
			developmentRegion = en;
			hasScannedForEncodings = 0;
			knownRegions = (
				en,
				Base,
			);
			mainGroup = B561E5682809C7FC0025B31C;
			productRefGroup = B561E5722809C7FC0025B31C /* Products */;
			projectDirPath = "";
			projectRoot = "";
			targets = (
				B561E5702809C7FC0025B31C /* ProfileOneLab */,
			);
		};
/* End PBXProject section */

/* Begin PBXResourcesBuildPhase section */
		B561E56F2809C7FC0025B31C /* Resources */ = {
			isa = PBXResourcesBuildPhase;
			buildActionMask = 2147483647;
			files = (
				B561E5812809C7FC0025B31C /* LaunchScreen.storyboard in Resources */,
				B561E57E2809C7FC0025B31C /* Assets.xcassets in Resources */,
				B561E57C2809C7FC0025B31C /* Main.storyboard in Resources */,
			);
			runOnlyForDeploymentPostprocessing = 0;
		};
/* End PBXResourcesBuildPhase section */

/* Begin PBXShellScriptBuildPhase section */
		0A88C316F266F31E782C7B48 /* [CP] Embed Pods Frameworks */ = {
			isa = PBXShellScriptBuildPhase;
			buildActionMask = 2147483647;
			files = (
			);
			inputFileListPaths = (
				"${PODS_ROOT}/Target Support Files/Pods-ProfileOneLab/Pods-ProfileOneLab-frameworks-${CONFIGURATION}-input-files.xcfilelist",
			);
			name = "[CP] Embed Pods Frameworks";
			outputFileListPaths = (
				"${PODS_ROOT}/Target Support Files/Pods-ProfileOneLab/Pods-ProfileOneLab-frameworks-${CONFIGURATION}-output-files.xcfilelist",
			);
			runOnlyForDeploymentPostprocessing = 0;
			shellPath = /bin/sh;
			shellScript = "\"${PODS_ROOT}/Target Support Files/Pods-ProfileOneLab/Pods-ProfileOneLab-frameworks.sh\"\n";
			showEnvVarsInLog = 0;
		};
		15FCBBB834084DBAF441AA87 /* [CP] Check Pods Manifest.lock */ = {
			isa = PBXShellScriptBuildPhase;
			buildActionMask = 2147483647;
			files = (
			);
			inputFileListPaths = (
			);
			inputPaths = (
				"${PODS_PODFILE_DIR_PATH}/Podfile.lock",
				"${PODS_ROOT}/Manifest.lock",
			);
			name = "[CP] Check Pods Manifest.lock";
			outputFileListPaths = (
			);
			outputPaths = (
				"$(DERIVED_FILE_DIR)/Pods-ProfileOneLab-checkManifestLockResult.txt",
			);
			runOnlyForDeploymentPostprocessing = 0;
			shellPath = /bin/sh;
			shellScript = "diff \"${PODS_PODFILE_DIR_PATH}/Podfile.lock\" \"${PODS_ROOT}/Manifest.lock\" > /dev/null\nif [ $? != 0 ] ; then\n    # print error to STDERR\n    echo \"error: The sandbox is not in sync with the Podfile.lock. Run 'pod install' or update your CocoaPods installation.\" >&2\n    exit 1\nfi\n# This output is used by Xcode 'outputs' to avoid re-running this script phase.\necho \"SUCCESS\" > \"${SCRIPT_OUTPUT_FILE_0}\"\n";
			showEnvVarsInLog = 0;
		};
/* End PBXShellScriptBuildPhase section */

/* Begin PBXSourcesBuildPhase section */
		B561E56D2809C7FC0025B31C /* Sources */ = {
			isa = PBXSourcesBuildPhase;
			buildActionMask = 2147483647;
			files = (
				B561E5792809C7FC0025B31C /* ViewController.swift in Sources */,
				B561E5752809C7FC0025B31C /* AppDelegate.swift in Sources */,
				B561E58E2809C7FC0025B31C /* SwitchTableViewCell.swift in Sources */,
				B561E58F2809C7FC0025B31C /* ExitTableViewCell.swift in Sources */,
				B561E58D2809C7FC0025B31C /* IconTableViewCell.swift in Sources */,
				B561E5772809C7FC0025B31C /* SceneDelegate.swift in Sources */,
				B561E5912809C7FC0025B31C /* PasswordChangeVC.swift in Sources */,
			);
			runOnlyForDeploymentPostprocessing = 0;
		};
/* End PBXSourcesBuildPhase section */

/* Begin PBXVariantGroup section */
		B561E57A2809C7FC0025B31C /* Main.storyboard */ = {
			isa = PBXVariantGroup;
			children = (
				B561E57B2809C7FC0025B31C /* Base */,
			);
			name = Main.storyboard;
			sourceTree = "<group>";
		};
		B561E57F2809C7FC0025B31C /* LaunchScreen.storyboard */ = {
			isa = PBXVariantGroup;
			children = (
				B561E5802809C7FC0025B31C /* Base */,
			);
			name = LaunchScreen.storyboard;
			sourceTree = "<group>";
		};
/* End PBXVariantGroup section */

/* Begin XCBuildConfiguration section */
		B561E5832809C7FC0025B31C /* Debug */ = {
			isa = XCBuildConfiguration;
			buildSettings = {
				ALWAYS_SEARCH_USER_PATHS = NO;
				CLANG_ANALYZER_NONNULL = YES;
				CLANG_ANALYZER_NUMBER_OBJECT_CONVERSION = YES_AGGRESSIVE;
				CLANG_CXX_LANGUAGE_STANDARD = "gnu++17";
				CLANG_ENABLE_MODULES = YES;
				CLANG_ENABLE_OBJC_ARC = YES;
				CLANG_ENABLE_OBJC_WEAK = YES;
				CLANG_WARN_BLOCK_CAPTURE_AUTORELEASING = YES;
				CLANG_WARN_BOOL_CONVERSION = YES;
				CLANG_WARN_COMMA = YES;
				CLANG_WARN_CONSTANT_CONVERSION = YES;
				CLANG_WARN_DEPRECATED_OBJC_IMPLEMENTATIONS = YES;
				CLANG_WARN_DIRECT_OBJC_ISA_USAGE = YES_ERROR;
				CLANG_WARN_DOCUMENTATION_COMMENTS = YES;
				CLANG_WARN_EMPTY_BODY = YES;
				CLANG_WARN_ENUM_CONVERSION = YES;
				CLANG_WARN_INFINITE_RECURSION = YES;
				CLANG_WARN_INT_CONVERSION = YES;
				CLANG_WARN_NON_LITERAL_NULL_CONVERSION = YES;
				CLANG_WARN_OBJC_IMPLICIT_RETAIN_SELF = YES;
				CLANG_WARN_OBJC_LITERAL_CONVERSION = YES;
				CLANG_WARN_OBJC_ROOT_CLASS = YES_ERROR;
				CLANG_WARN_QUOTED_INCLUDE_IN_FRAMEWORK_HEADER = YES;
				CLANG_WARN_RANGE_LOOP_ANALYSIS = YES;
				CLANG_WARN_STRICT_PROTOTYPES = YES;
				CLANG_WARN_SUSPICIOUS_MOVE = YES;
				CLANG_WARN_UNGUARDED_AVAILABILITY = YES_AGGRESSIVE;
				CLANG_WARN_UNREACHABLE_CODE = YES;
				CLANG_WARN__DUPLICATE_METHOD_MATCH = YES;
				COPY_PHASE_STRIP = NO;
				DEBUG_INFORMATION_FORMAT = dwarf;
				ENABLE_STRICT_OBJC_MSGSEND = YES;
				ENABLE_TESTABILITY = YES;
				GCC_C_LANGUAGE_STANDARD = gnu11;
				GCC_DYNAMIC_NO_PIC = NO;
				GCC_NO_COMMON_BLOCKS = YES;
				GCC_OPTIMIZATION_LEVEL = 0;
				GCC_PREPROCESSOR_DEFINITIONS = (
					"DEBUG=1",
					"$(inherited)",
				);
				GCC_WARN_64_TO_32_BIT_CONVERSION = YES;
				GCC_WARN_ABOUT_RETURN_TYPE = YES_ERROR;
				GCC_WARN_UNDECLARED_SELECTOR = YES;
				GCC_WARN_UNINITIALIZED_AUTOS = YES_AGGRESSIVE;
				GCC_WARN_UNUSED_FUNCTION = YES;
				GCC_WARN_UNUSED_VARIABLE = YES;
				IPHONEOS_DEPLOYMENT_TARGET = 15.4;
				MTL_ENABLE_DEBUG_INFO = INCLUDE_SOURCE;
				MTL_FAST_MATH = YES;
				ONLY_ACTIVE_ARCH = YES;
				SDKROOT = iphoneos;
				SWIFT_ACTIVE_COMPILATION_CONDITIONS = DEBUG;
				SWIFT_OPTIMIZATION_LEVEL = "-Onone";
			};
			name = Debug;
		};
		B561E5842809C7FC0025B31C /* Release */ = {
			isa = XCBuildConfiguration;
			buildSettings = {
				ALWAYS_SEARCH_USER_PATHS = NO;
				CLANG_ANALYZER_NONNULL = YES;
				CLANG_ANALYZER_NUMBER_OBJECT_CONVERSION = YES_AGGRESSIVE;
				CLANG_CXX_LANGUAGE_STANDARD = "gnu++17";
				CLANG_ENABLE_MODULES = YES;
				CLANG_ENABLE_OBJC_ARC = YES;
				CLANG_ENABLE_OBJC_WEAK = YES;
				CLANG_WARN_BLOCK_CAPTURE_AUTORELEASING = YES;
				CLANG_WARN_BOOL_CONVERSION = YES;
				CLANG_WARN_COMMA = YES;
				CLANG_WARN_CONSTANT_CONVERSION = YES;
				CLANG_WARN_DEPRECATED_OBJC_IMPLEMENTATIONS = YES;
				CLANG_WARN_DIRECT_OBJC_ISA_USAGE = YES_ERROR;
				CLANG_WARN_DOCUMENTATION_COMMENTS = YES;
				CLANG_WARN_EMPTY_BODY = YES;
				CLANG_WARN_ENUM_CONVERSION = YES;
				CLANG_WARN_INFINITE_RECURSION = YES;
				CLANG_WARN_INT_CONVERSION = YES;
				CLANG_WARN_NON_LITERAL_NULL_CONVERSION = YES;
				CLANG_WARN_OBJC_IMPLICIT_RETAIN_SELF = YES;
				CLANG_WARN_OBJC_LITERAL_CONVERSION = YES;
				CLANG_WARN_OBJC_ROOT_CLASS = YES_ERROR;
				CLANG_WARN_QUOTED_INCLUDE_IN_FRAMEWORK_HEADER = YES;
				CLANG_WARN_RANGE_LOOP_ANALYSIS = YES;
				CLANG_WARN_STRICT_PROTOTYPES = YES;
				CLANG_WARN_SUSPICIOUS_MOVE = YES;
				CLANG_WARN_UNGUARDED_AVAILABILITY = YES_AGGRESSIVE;
				CLANG_WARN_UNREACHABLE_CODE = YES;
				CLANG_WARN__DUPLICATE_METHOD_MATCH = YES;
				COPY_PHASE_STRIP = NO;
				DEBUG_INFORMATION_FORMAT = "dwarf-with-dsym";
				ENABLE_NS_ASSERTIONS = NO;
				ENABLE_STRICT_OBJC_MSGSEND = YES;
				GCC_C_LANGUAGE_STANDARD = gnu11;
				GCC_NO_COMMON_BLOCKS = YES;
				GCC_WARN_64_TO_32_BIT_CONVERSION = YES;
				GCC_WARN_ABOUT_RETURN_TYPE = YES_ERROR;
				GCC_WARN_UNDECLARED_SELECTOR = YES;
				GCC_WARN_UNINITIALIZED_AUTOS = YES_AGGRESSIVE;
				GCC_WARN_UNUSED_FUNCTION = YES;
				GCC_WARN_UNUSED_VARIABLE = YES;
				IPHONEOS_DEPLOYMENT_TARGET = 15.4;
				MTL_ENABLE_DEBUG_INFO = NO;
				MTL_FAST_MATH = YES;
				SDKROOT = iphoneos;
				SWIFT_COMPILATION_MODE = wholemodule;
				SWIFT_OPTIMIZATION_LEVEL = "-O";
				VALIDATE_PRODUCT = YES;
			};
			name = Release;
		};
		B561E5862809C7FC0025B31C /* Debug */ = {
			isa = XCBuildConfiguration;
			baseConfigurationReference = 850D4AD6822609878C8D010A /* Pods-ProfileOneLab.debug.xcconfig */;
			buildSettings = {
				ASSETCATALOG_COMPILER_APPICON_NAME = AppIcon;
				ASSETCATALOG_COMPILER_GLOBAL_ACCENT_COLOR_NAME = AccentColor;
				CODE_SIGN_STYLE = Automatic;
				CURRENT_PROJECT_VERSION = 1;
				GENERATE_INFOPLIST_FILE = YES;
				INFOPLIST_FILE = ProfileOneLab/Info.plist;
				INFOPLIST_KEY_UIApplicationSupportsIndirectInputEvents = YES;
				INFOPLIST_KEY_UILaunchStoryboardName = LaunchScreen;
				INFOPLIST_KEY_UIMainStoryboardFile = Main;
				INFOPLIST_KEY_UISupportedInterfaceOrientations_iPad = "UIInterfaceOrientationPortrait UIInterfaceOrientationPortraitUpsideDown UIInterfaceOrientationLandscapeLeft UIInterfaceOrientationLandscapeRight";
				INFOPLIST_KEY_UISupportedInterfaceOrientations_iPhone = "UIInterfaceOrientationPortrait UIInterfaceOrientationLandscapeLeft UIInterfaceOrientationLandscapeRight";
				LD_RUNPATH_SEARCH_PATHS = (
					"$(inherited)",
					"@executable_path/Frameworks",
				);
				MARKETING_VERSION = 1.0;
				PRODUCT_BUNDLE_IDENTIFIER = com.rxsss.ProfileOneLab;
				PRODUCT_NAME = "$(TARGET_NAME)";
				SWIFT_EMIT_LOC_STRINGS = YES;
				SWIFT_VERSION = 5.0;
				TARGETED_DEVICE_FAMILY = "1,2";
			};
			name = Debug;
		};
		B561E5872809C7FC0025B31C /* Release */ = {
			isa = XCBuildConfiguration;
			baseConfigurationReference = DCDB31B7024797C484282A27 /* Pods-ProfileOneLab.release.xcconfig */;
			buildSettings = {
				ASSETCATALOG_COMPILER_APPICON_NAME = AppIcon;
				ASSETCATALOG_COMPILER_GLOBAL_ACCENT_COLOR_NAME = AccentColor;
				CODE_SIGN_STYLE = Automatic;
				CURRENT_PROJECT_VERSION = 1;
				GENERATE_INFOPLIST_FILE = YES;
				INFOPLIST_FILE = ProfileOneLab/Info.plist;
				INFOPLIST_KEY_UIApplicationSupportsIndirectInputEvents = YES;
				INFOPLIST_KEY_UILaunchStoryboardName = LaunchScreen;
				INFOPLIST_KEY_UIMainStoryboardFile = Main;
				INFOPLIST_KEY_UISupportedInterfaceOrientations_iPad = "UIInterfaceOrientationPortrait UIInterfaceOrientationPortraitUpsideDown UIInterfaceOrientationLandscapeLeft UIInterfaceOrientationLandscapeRight";
				INFOPLIST_KEY_UISupportedInterfaceOrientations_iPhone = "UIInterfaceOrientationPortrait UIInterfaceOrientationLandscapeLeft UIInterfaceOrientationLandscapeRight";
				LD_RUNPATH_SEARCH_PATHS = (
					"$(inherited)",
					"@executable_path/Frameworks",
				);
				MARKETING_VERSION = 1.0;
				PRODUCT_BUNDLE_IDENTIFIER = com.rxsss.ProfileOneLab;
				PRODUCT_NAME = "$(TARGET_NAME)";
				SWIFT_EMIT_LOC_STRINGS = YES;
				SWIFT_VERSION = 5.0;
				TARGETED_DEVICE_FAMILY = "1,2";
			};
			name = Release;
		};
/* End XCBuildConfiguration section */

/* Begin XCConfigurationList section */
		B561E56C2809C7FC0025B31C /* Build configuration list for PBXProject "ProfileOneLab" */ = {
			isa = XCConfigurationList;
			buildConfigurations = (
				B561E5832809C7FC0025B31C /* Debug */,
				B561E5842809C7FC0025B31C /* Release */,
			);
			defaultConfigurationIsVisible = 0;
			defaultConfigurationName = Release;
		};
		B561E5852809C7FC0025B31C /* Build configuration list for PBXNativeTarget "ProfileOneLab" */ = {
			isa = XCConfigurationList;
			buildConfigurations = (
				B561E5862809C7FC0025B31C /* Debug */,
				B561E5872809C7FC0025B31C /* Release */,
			);
			defaultConfigurationIsVisible = 0;
			defaultConfigurationName = Release;
		};
/* End XCConfigurationList section */
	};
	rootObject = B561E5692809C7FC0025B31C /* Project object */;
}
